{
    "_meta": {
        "hash": {
            "sha256": "cac5e5663e86cb4332adef79ec7863df4f7bb68cf2262780f239a2e8129be807"
        },
        "pipfile-spec": 6,
        "requires": {
            "python_version": "3.12"
        },
        "sources": [
            {
                "name": "pypi",
                "url": "https://pypi.org/simple",
                "verify_ssl": true
            }
        ]
    },
    "default": {
        "anyio": {
            "hashes": [
                "sha256:137b4559cbb034c477165047febb6ff83f390fc3b20bf181c1fc0a728cb8beeb",
                "sha256:c7d2e9d63e31599eeb636c8c5c03a7e108d73b345f064f1c19fdc87b79036a9a"
            ],
            "markers": "python_version >= '3.9'",
            "version": "==4.6.0"
        },
        "asgiref": {
            "hashes": [
                "sha256:3e1e3ecc849832fe52ccf2cb6686b7a55f82bb1d6aee72a58826471390335e47",
                "sha256:c343bd80a0bec947a9860adb4c432ffa7db769836c64238fc34bdc3fec84d590"
            ],
            "markers": "python_version >= '3.8'",
            "version": "==3.8.1"
        },
        "certifi": {
            "hashes": [
                "sha256:922820b53db7a7257ffbda3f597266d435245903d80737e34f8a45ff3e3230d8",
                "sha256:bec941d2aa8195e248a60b31ff9f0558284cf01a52591ceda73ea9afffd69fd9"
            ],
            "markers": "python_version >= '3.6'",
            "version": "==2024.8.30"
        },
        "crispy-bootstrap4": {
            "hashes": [
                "sha256:208673bf6a25892a656971af7a00e18ba2f7f06cd4a0d667923bd6134e64d276",
                "sha256:46cf98777a28621d240bf71eb36d4a26ff86e9e19be1cfd822645f4043d18c31"
            ],
            "index": "pypi",
            "markers": "python_version >= '3.8'",
            "version": "==2024.1"
        },
        "django": {
            "hashes": [
                "sha256:021ffb7fdab3d2d388bc8c7c2434eb9c1f6f4d09e6119010bbb1694dda286bc2",
                "sha256:71603f27dac22a6533fb38d83072eea9ddb4017fead6f67f2562a40402d61c3f"
            ],
            "index": "pypi",
            "markers": "python_version >= '3.10'",
            "version": "==5.1.1"
        },
        "django-crispy-forms": {
            "hashes": [
                "sha256:2db17ae08527201be1273f0df789e5f92819e23dd28fec69cffba7f3762e1a38",
                "sha256:efc4c31e5202bbec6af70d383a35e12fc80ea769d464fb0e7fe21768bb138a20"
            ],
            "index": "pypi",
            "markers": "python_version >= '3.8'",
            "version": "==2.3"
        },
        "h11": {
            "hashes": [
                "sha256:8f19fbbe99e72420ff35c00b27a34cb9937e902a8b810e2c88300c6f0a3b699d",
                "sha256:e3fe4ac4b851c468cc8363d500db52c2ead036020723024a109d37346efaa761"
            ],
            "markers": "python_version >= '3.7'",
            "version": "==0.14.0"
        },
        "httpcore": {
            "hashes": [
                "sha256:27b59625743b85577a8c0e10e55b50b5368a4f2cfe8cc7bcfa9cf00829c2682f",
                "sha256:73f6dbd6eb8c21bbf7ef8efad555481853f5f6acdeaff1edb0694289269ee17f"
            ],
            "markers": "python_version >= '3.8'",
            "version": "==1.0.6"
        },
        "httpx": {
            "hashes": [
                "sha256:7bb2708e112d8fdd7829cd4243970f0c223274051cb35ee80c03301ee29a3df0",
                "sha256:f7c2be1d2f3c3c3160d441802406b206c2b76f5947b11115e6df10c6c65e66c2"
            ],
            "markers": "python_version >= '3.8'",
            "version": "==0.27.2"
        },
        "idna": {
            "hashes": [
                "sha256:12f65c9b470abda6dc35cf8e63cc574b1c52b11df2c86030af0ac09b01b13ea9",
                "sha256:946d195a0d259cbba61165e88e65941f16e9b36ea6ddb97f00452bae8b1287d3"
            ],
            "markers": "python_version >= '3.6'",
            "version": "==3.10"
        },
        "sniffio": {
            "hashes": [
                "sha256:2f6da418d1f1e0fddd844478f41680e794e6051915791a034ff65e5f100525a2",
                "sha256:f4324edc670a0f49750a81b895f35c3adb843cca46f0530f79fc1babb23789dc"
            ],
            "markers": "python_version >= '3.7'",
            "version": "==1.3.1"
        },
        "sqlparse": {
            "hashes": [
                "sha256:773dcbf9a5ab44a090f3441e2180efe2560220203dc2f8c0b0fa141e18b505e4",
                "sha256:bb6b4df465655ef332548e24f08e205afc81b9ab86cb1c45657a7ff173a3a00e"
            ],
            "markers": "python_version >= '3.8'",
            "version": "==0.5.1"
        },
        "tzdata": {
            "hashes": [
                "sha256:7d85cc416e9382e69095b7bdf4afd9e3880418a2413feec7069d533d6b4e31cc",
                "sha256:a48093786cdcde33cad18c2555e8532f34422074448fbc874186f0abd79565cd"
            ],
            "markers": "sys_platform == 'win32'",
            "version": "==2024.2"
        },
        "whitenoise": {
            "hashes": [
                "sha256:58c7a6cd811e275a6c91af22e96e87da0b1109e9a53bb7464116ef4c963bf636",
                "sha256:a1ae85e01fdc9815d12fa33f17765bc132ed2c54fa76daf9e39e879dd93566f6"
            ],
            "index": "pypi",
            "markers": "python_version >= '3.8'",
            "version": "==6.7.0"
        },
        "youtube-search-python": {
            "hashes": [
                "sha256:4568d1d769ecd7eb4bb8365f04eec6e364c5f70eec7b3765f543daebb135fcf5",
                "sha256:f0d835278bc32335f2ded48ba119bef39cafb290d98648a64deb22f6c4a705f2"
            ],
            "index": "pypi",
            "markers": "python_version >= '3.6'",
            "version": "==1.6.6"
        }
    },
    "develop": {}
}
